
Microsoft Visual Studio Solution File, Format Version 12.00
# Visual Studio Version 16
VisualStudioVersion = 16.6.30114.105
MinimumVisualStudioVersion = 10.0.40219.1
Project("{2150E333-8FDC-42A3-9474-1A3956D46DE8}") = "src", "src", "{355B04E6-A09E-43EC-A14D-29B6958DEF7F}"
EndProject
Project("{FAE04EC0-301F-11D3-BF4B-00C04F79EFBC}") = "kaalsaas.Arm.Parameters", "src\kaalsaas.Arm.Parameters\kaalsaas.Arm.Parameters.csproj", "{B3EF881E-8818-4C4C-B323-F0CCB440AD40}"
EndProject
Project("{FAE04EC0-301F-11D3-BF4B-00C04F79EFBC}") = "kaalsaas.Arm.Parameters.CLI", "src\kaalsaas.Arm.Parameters.CLI\kaalsaas.Arm.Parameters.CLI.csproj", "{C9D522E4-A693-40EE-BD5F-816E1F86868C}"
EndProject
Project("{2150E333-8FDC-42A3-9474-1A3956D46DE8}") = "test", "test", "{34DB649E-1FAB-4B4C-B494-5F99D406C963}"
EndProject
Project("{FAE04EC0-301F-11D3-BF4B-00C04F79EFBC}") = "kaalsaas.Arm.Parameters.Test", "test\kaalsaas.Arm.Parameters.Test\kaalsaas.Arm.Parameters.Test.csproj", "{CCD65EDF-E979-4CB2-A95D-919C1272B068}"
EndProject
Global
	GlobalSection(SolutionConfigurationPlatforms) = preSolution
		Debug|Any CPU = Debug|Any CPU
		Debug|x64 = Debug|x64
		Debug|x86 = Debug|x86
		Release|Any CPU = Release|Any CPU
		Release|x64 = Release|x64
		Release|x86 = Release|x86
	EndGlobalSection
	GlobalSection(SolutionProperties) = preSolution
		HideSolutionNode = FALSE
	EndGlobalSection
	GlobalSection(ProjectConfigurationPlatforms) = postSolution
		{B3EF881E-8818-4C4C-B323-F0CCB440AD40}.Debug|Any CPU.ActiveCfg = Debug|Any CPU
		{B3EF881E-8818-4C4C-B323-F0CCB440AD40}.Debug|Any CPU.Build.0 = Debug|Any CPU
		{B3EF881E-8818-4C4C-B323-F0CCB440AD40}.Debug|x64.ActiveCfg = Debug|Any CPU
		{B3EF881E-8818-4C4C-B323-F0CCB440AD40}.Debug|x64.Build.0 = Debug|Any CPU
		{B3EF881E-8818-4C4C-B323-F0CCB440AD40}.Debug|x86.ActiveCfg = Debug|Any CPU
		{B3EF881E-8818-4C4C-B323-F0CCB440AD40}.Debug|x86.Build.0 = Debug|Any CPU
		{B3EF881E-8818-4C4C-B323-F0CCB440AD40}.Release|Any CPU.ActiveCfg = Release|Any CPU
		{B3EF881E-8818-4C4C-B323-F0CCB440AD40}.Release|Any CPU.Build.0 = Release|Any CPU
		{B3EF881E-8818-4C4C-B323-F0CCB440AD40}.Release|x64.ActiveCfg = Release|Any CPU
		{B3EF881E-8818-4C4C-B323-F0CCB440AD40}.Release|x64.Build.0 = Release|Any CPU
		{B3EF881E-8818-4C4C-B323-F0CCB440AD40}.Release|x86.ActiveCfg = Release|Any CPU
		{B3EF881E-8818-4C4C-B323-F0CCB440AD40}.Release|x86.Build.0 = Release|Any CPU
		{C9D522E4-A693-40EE-BD5F-816E1F86868C}.Debug|Any CPU.ActiveCfg = Debug|Any CPU
		{C9D522E4-A693-40EE-BD5F-816E1F86868C}.Debug|Any CPU.Build.0 = Debug|Any CPU
		{C9D522E4-A693-40EE-BD5F-816E1F86868C}.Debug|x64.ActiveCfg = Debug|Any CPU
		{C9D522E4-A693-40EE-BD5F-816E1F86868C}.Debug|x64.Build.0 = Debug|Any CPU
		{C9D522E4-A693-40EE-BD5F-816E1F86868C}.Debug|x86.ActiveCfg = Debug|Any CPU
		{C9D522E4-A693-40EE-BD5F-816E1F86868C}.Debug|x86.Build.0 = Debug|Any CPU
		{C9D522E4-A693-40EE-BD5F-816E1F86868C}.Release|Any CPU.ActiveCfg = Release|Any CPU
		{C9D522E4-A693-40EE-BD5F-816E1F86868C}.Release|Any CPU.Build.0 = Release|Any CPU
		{C9D522E4-A693-40EE-BD5F-816E1F86868C}.Release|x64.ActiveCfg = Release|Any CPU
		{C9D522E4-A693-40EE-BD5F-816E1F86868C}.Release|x64.Build.0 = Release|Any CPU
		{C9D522E4-A693-40EE-BD5F-816E1F86868C}.Release|x86.ActiveCfg = Release|Any CPU
		{C9D522E4-A693-40EE-BD5F-816E1F86868C}.Release|x86.Build.0 = Release|Any CPU
		{CCD65EDF-E979-4CB2-A95D-919C1272B068}.Debug|Any CPU.ActiveCfg = Debug|Any CPU
		{CCD65EDF-E979-4CB2-A95D-919C1272B068}.Debug|Any CPU.Build.0 = Debug|Any CPU
		{CCD65EDF-E979-4CB2-A95D-919C1272B068}.Debug|x64.ActiveCfg = Debug|Any CPU
		{CCD65EDF-E979-4CB2-A95D-919C1272B068}.Debug|x64.Build.0 = Debug|Any CPU
		{CCD65EDF-E979-4CB2-A95D-919C1272B068}.Debug|x86.ActiveCfg = Debug|Any CPU
		{CCD65EDF-E979-4CB2-A95D-919C1272B068}.Debug|x86.Build.0 = Debug|Any CPU
		{CCD65EDF-E979-4CB2-A95D-919C1272B068}.Release|Any CPU.ActiveCfg = Release|Any CPU
		{CCD65EDF-E979-4CB2-A95D-919C1272B068}.Release|Any CPU.Build.0 = Release|Any CPU
		{CCD65EDF-E979-4CB2-A95D-919C1272B068}.Release|x64.ActiveCfg = Release|Any CPU
		{CCD65EDF-E979-4CB2-A95D-919C1272B068}.Release|x64.Build.0 = Release|Any CPU
		{CCD65EDF-E979-4CB2-A95D-919C1272B068}.Release|x86.ActiveCfg = Release|Any CPU
		{CCD65EDF-E979-4CB2-A95D-919C1272B068}.Release|x86.Build.0 = Release|Any CPU
	EndGlobalSection
	GlobalSection(NestedProjects) = preSolution
		{B3EF881E-8818-4C4C-B323-F0CCB440AD40} = {355B04E6-A09E-43EC-A14D-29B6958DEF7F}
		{C9D522E4-A693-40EE-BD5F-816E1F86868C} = {355B04E6-A09E-43EC-A14D-29B6958DEF7F}
		{CCD65EDF-E979-4CB2-A95D-919C1272B068} = {34DB649E-1FAB-4B4C-B494-5F99D406C963}
	EndGlobalSection
EndGlobal
